// !$*UTF8*$!
{
	archiveVersion = 1;
	classes = {
	};
	objectVersion = 56;
	objects = {

/* Begin PBXBuildFile section */
		FA0950142926088400CCDA42 /* rick_and_mortyApp.swift in Sources */ = {isa = PBXBuildFile; fileRef = FA0950132926088400CCDA42 /* rick_and_mortyApp.swift */; };
		FA0950162926088400CCDA42 /* ContentView.swift in Sources */ = {isa = PBXBuildFile; fileRef = FA0950152926088400CCDA42 /* ContentView.swift */; };
		FA0950182926088600CCDA42 /* Assets.xcassets in Resources */ = {isa = PBXBuildFile; fileRef = FA0950172926088600CCDA42 /* Assets.xcassets */; };
		FA09501C2926088600CCDA42 /* Preview Assets.xcassets in Resources */ = {isa = PBXBuildFile; fileRef = FA09501B2926088600CCDA42 /* Preview Assets.xcassets */; };
		FA0950262926088700CCDA42 /* rick_and_mortyTests.swift in Sources */ = {isa = PBXBuildFile; fileRef = FA0950252926088700CCDA42 /* rick_and_mortyTests.swift */; };
		FA0950302926088700CCDA42 /* rick_and_mortyUITests.swift in Sources */ = {isa = PBXBuildFile; fileRef = FA09502F2926088700CCDA42 /* rick_and_mortyUITests.swift */; };
		FA0950322926088700CCDA42 /* rick_and_mortyUITestsLaunchTests.swift in Sources */ = {isa = PBXBuildFile; fileRef = FA0950312926088700CCDA42 /* rick_and_mortyUITestsLaunchTests.swift */; };
		FA0950402926095C00CCDA42 /* RickMortySwiftApi in Frameworks */ = {isa = PBXBuildFile; productRef = FA09503F2926095C00CCDA42 /* RickMortySwiftApi */; };
		FA54A18F29292D7700E8816F /* CachedAsyncImage in Frameworks */ = {isa = PBXBuildFile; productRef = FA54A18E29292D7700E8816F /* CachedAsyncImage */; };
/* End PBXBuildFile section */

/* Begin PBXContainerItemProxy section */
		FA0950222926088700CCDA42 /* PBXContainerItemProxy */ = {
			isa = PBXContainerItemProxy;
			containerPortal = FA0950082926088400CCDA42 /* Project object */;
			proxyType = 1;
			remoteGlobalIDString = FA09500F2926088400CCDA42;
			remoteInfo = "rick-and-morty";
		};
		FA09502C2926088700CCDA42 /* PBXContainerItemProxy */ = {
			isa = PBXContainerItemProxy;
			containerPortal = FA0950082926088400CCDA42 /* Project object */;
			proxyType = 1;
			remoteGlobalIDString = FA09500F2926088400CCDA42;
			remoteInfo = "rick-and-morty";
		};
/* End PBXContainerItemProxy section */

/* Begin PBXFileReference section */
		FA0950102926088400CCDA42 /* rick-and-morty.app */ = {isa = PBXFileReference; explicitFileType = wrapper.application; includeInIndex = 0; path = "rick-and-morty.app"; sourceTree = BUILT_PRODUCTS_DIR; };
		FA0950132926088400CCDA42 /* rick_and_mortyApp.swift */ = {isa = PBXFileReference; lastKnownFileType = sourcecode.swift; path = rick_and_mortyApp.swift; sourceTree = "<group>"; };
		FA0950152926088400CCDA42 /* ContentView.swift */ = {isa = PBXFileReference; lastKnownFileType = sourcecode.swift; path = ContentView.swift; sourceTree = "<group>"; };
		FA0950172926088600CCDA42 /* Assets.xcassets */ = {isa = PBXFileReference; lastKnownFileType = folder.assetcatalog; path = Assets.xcassets; sourceTree = "<group>"; };
		FA0950192926088600CCDA42 /* rick_and_morty.entitlements */ = {isa = PBXFileReference; lastKnownFileType = text.plist.entitlements; path = rick_and_morty.entitlements; sourceTree = "<group>"; };
		FA09501B2926088600CCDA42 /* Preview Assets.xcassets */ = {isa = PBXFileReference; lastKnownFileType = folder.assetcatalog; path = "Preview Assets.xcassets"; sourceTree = "<group>"; };
		FA0950212926088700CCDA42 /* rick-and-mortyTests.xctest */ = {isa = PBXFileReference; explicitFileType = wrapper.cfbundle; includeInIndex = 0; path = "rick-and-mortyTests.xctest"; sourceTree = BUILT_PRODUCTS_DIR; };
		FA0950252926088700CCDA42 /* rick_and_mortyTests.swift */ = {isa = PBXFileReference; lastKnownFileType = sourcecode.swift; path = rick_and_mortyTests.swift; sourceTree = "<group>"; };
		FA09502B2926088700CCDA42 /* rick-and-mortyUITests.xctest */ = {isa = PBXFileReference; explicitFileType = wrapper.cfbundle; includeInIndex = 0; path = "rick-and-mortyUITests.xctest"; sourceTree = BUILT_PRODUCTS_DIR; };
		FA09502F2926088700CCDA42 /* rick_and_mortyUITests.swift */ = {isa = PBXFileReference; lastKnownFileType = sourcecode.swift; path = rick_and_mortyUITests.swift; sourceTree = "<group>"; };
		FA0950312926088700CCDA42 /* rick_and_mortyUITestsLaunchTests.swift */ = {isa = PBXFileReference; lastKnownFileType = sourcecode.swift; path = rick_and_mortyUITestsLaunchTests.swift; sourceTree = "<group>"; };
		FAA8C2C129272D94008065B0 /* Info.plist */ = {isa = PBXFileReference; lastKnownFileType = text.plist; path = Info.plist; sourceTree = "<group>"; };
		FAA8C2C3292736C2008065B0 /* SwiftUI.framework */ = {isa = PBXFileReference; lastKnownFileType = wrapper.framework; name = SwiftUI.framework; path = System/Library/Frameworks/SwiftUI.framework; sourceTree = SDKROOT; };
/* End PBXFileReference section */

/* Begin PBXFrameworksBuildPhase section */
		FA09500D2926088400CCDA42 /* Frameworks */ = {
			isa = PBXFrameworksBuildPhase;
			buildActionMask = 2147483647;
			files = (
				FA0950402926095C00CCDA42 /* RickMortySwiftApi in Frameworks */,
				FA54A18F29292D7700E8816F /* CachedAsyncImage in Frameworks */,
			);
			runOnlyForDeploymentPostprocessing = 0;
		};
		FA09501E2926088700CCDA42 /* Frameworks */ = {
			isa = PBXFrameworksBuildPhase;
			buildActionMask = 2147483647;
			files = (
			);
			runOnlyForDeploymentPostprocessing = 0;
		};
		FA0950282926088700CCDA42 /* Frameworks */ = {
			isa = PBXFrameworksBuildPhase;
			buildActionMask = 2147483647;
			files = (
			);
			runOnlyForDeploymentPostprocessing = 0;
		};
/* End PBXFrameworksBuildPhase section */

/* Begin PBXGroup section */
		FA0950072926088400CCDA42 = {
			isa = PBXGroup;
			children = (
				FA0950122926088400CCDA42 /* rick-and-morty */,
				FA0950242926088700CCDA42 /* rick-and-mortyTests */,
				FA09502E2926088700CCDA42 /* rick-and-mortyUITests */,
				FA0950112926088400CCDA42 /* Products */,
				FAA8C2C2292736C2008065B0 /* Frameworks */,
			);
			sourceTree = "<group>";
		};
		FA0950112926088400CCDA42 /* Products */ = {
			isa = PBXGroup;
			children = (
				FA0950102926088400CCDA42 /* rick-and-morty.app */,
				FA0950212926088700CCDA42 /* rick-and-mortyTests.xctest */,
				FA09502B2926088700CCDA42 /* rick-and-mortyUITests.xctest */,
			);
			name = Products;
			sourceTree = "<group>";
		};
		FA0950122926088400CCDA42 /* rick-and-morty */ = {
			isa = PBXGroup;
			children = (
				FAA8C2C129272D94008065B0 /* Info.plist */,
				FA0950132926088400CCDA42 /* rick_and_mortyApp.swift */,
				FA0950152926088400CCDA42 /* ContentView.swift */,
				FA0950172926088600CCDA42 /* Assets.xcassets */,
				FA0950192926088600CCDA42 /* rick_and_morty.entitlements */,
				FA09501A2926088600CCDA42 /* Preview Content */,
			);
			path = "rick-and-morty";
			sourceTree = "<group>";
		};
		FA09501A2926088600CCDA42 /* Preview Content */ = {
			isa = PBXGroup;
			children = (
				FA09501B2926088600CCDA42 /* Preview Assets.xcassets */,
			);
			path = "Preview Content";
			sourceTree = "<group>";
		};
		FA0950242926088700CCDA42 /* rick-and-mortyTests */ = {
			isa = PBXGroup;
			children = (
				FA0950252926088700CCDA42 /* rick_and_mortyTests.swift */,
			);
			path = "rick-and-mortyTests";
			sourceTree = "<group>";
		};
		FA09502E2926088700CCDA42 /* rick-and-mortyUITests */ = {
			isa = PBXGroup;
			children = (
				FA09502F2926088700CCDA42 /* rick_and_mortyUITests.swift */,
				FA0950312926088700CCDA42 /* rick_and_mortyUITestsLaunchTests.swift */,
			);
			path = "rick-and-mortyUITests";
			sourceTree = "<group>";
		};
		FAA8C2C2292736C2008065B0 /* Frameworks */ = {
			isa = PBXGroup;
			children = (
				FAA8C2C3292736C2008065B0 /* SwiftUI.framework */,
			);
			name = Frameworks;
			sourceTree = "<group>";
		};
/* End PBXGroup section */

/* Begin PBXNativeTarget section */
		FA09500F2926088400CCDA42 /* rick-and-morty */ = {
			isa = PBXNativeTarget;
			buildConfigurationList = FA0950352926088700CCDA42 /* Build configuration list for PBXNativeTarget "rick-and-morty" */;
			buildPhases = (
				FA09500C2926088400CCDA42 /* Sources */,
				FA09500D2926088400CCDA42 /* Frameworks */,
				FA09500E2926088400CCDA42 /* Resources */,
			);
			buildRules = (
			);
			dependencies = (
			);
			name = "rick-and-morty";
			packageProductDependencies = (
				FA09503F2926095C00CCDA42 /* RickMortySwiftApi */,
				FA54A18E29292D7700E8816F /* CachedAsyncImage */,
			);
			productName = "rick-and-morty";
			productReference = FA0950102926088400CCDA42 /* rick-and-morty.app */;
			productType = "com.apple.product-type.application";
		};
		FA0950202926088700CCDA42 /* rick-and-mortyTests */ = {
			isa = PBXNativeTarget;
			buildConfigurationList = FA0950382926088700CCDA42 /* Build configuration list for PBXNativeTarget "rick-and-mortyTests" */;
			buildPhases = (
				FA09501D2926088700CCDA42 /* Sources */,
				FA09501E2926088700CCDA42 /* Frameworks */,
				FA09501F2926088700CCDA42 /* Resources */,
			);
			buildRules = (
			);
			dependencies = (
				FA0950232926088700CCDA42 /* PBXTargetDependency */,
			);
			name = "rick-and-mortyTests";
			productName = "rick-and-mortyTests";
			productReference = FA0950212926088700CCDA42 /* rick-and-mortyTests.xctest */;
			productType = "com.apple.product-type.bundle.unit-test";
		};
		FA09502A2926088700CCDA42 /* rick-and-mortyUITests */ = {
			isa = PBXNativeTarget;
			buildConfigurationList = FA09503B2926088700CCDA42 /* Build configuration list for PBXNativeTarget "rick-and-mortyUITests" */;
			buildPhases = (
				FA0950272926088700CCDA42 /* Sources */,
				FA0950282926088700CCDA42 /* Frameworks */,
				FA0950292926088700CCDA42 /* Resources */,
			);
			buildRules = (
			);
			dependencies = (
				FA09502D2926088700CCDA42 /* PBXTargetDependency */,
			);
			name = "rick-and-mortyUITests";
			productName = "rick-and-mortyUITests";
			productReference = FA09502B2926088700CCDA42 /* rick-and-mortyUITests.xctest */;
			productType = "com.apple.product-type.bundle.ui-testing";
		};
/* End PBXNativeTarget section */

/* Begin PBXProject section */
		FA0950082926088400CCDA42 /* Project object */ = {
			isa = PBXProject;
			attributes = {
				BuildIndependentTargetsInParallel = 1;
				LastSwiftUpdateCheck = 1410;
				LastUpgradeCheck = 1410;
				TargetAttributes = {
					FA09500F2926088400CCDA42 = {
						CreatedOnToolsVersion = 14.1;
					};
					FA0950202926088700CCDA42 = {
						CreatedOnToolsVersion = 14.1;
						TestTargetID = FA09500F2926088400CCDA42;
					};
					FA09502A2926088700CCDA42 = {
						CreatedOnToolsVersion = 14.1;
						TestTargetID = FA09500F2926088400CCDA42;
					};
				};
			};
			buildConfigurationList = FA09500B2926088400CCDA42 /* Build configuration list for PBXProject "rick-and-morty" */;
			compatibilityVersion = "Xcode 14.0";
			developmentRegion = en;
			hasScannedForEncodings = 0;
			knownRegions = (
				en,
				Base,
			);
			mainGroup = FA0950072926088400CCDA42;
			packageReferences = (
				FA09503E2926095C00CCDA42 /* XCRemoteSwiftPackageReference "Rick-and-Morty-Swift-API" */,
				FA54A18D29292D7700E8816F /* XCRemoteSwiftPackageReference "swiftui-cached-async-image" */,
			);
			productRefGroup = FA0950112926088400CCDA42 /* Products */;
			projectDirPath = "";
			projectRoot = "";
			targets = (
				FA09500F2926088400CCDA42 /* rick-and-morty */,
				FA0950202926088700CCDA42 /* rick-and-mortyTests */,
				FA09502A2926088700CCDA42 /* rick-and-mortyUITests */,
			);
		};
/* End PBXProject section */

/* Begin PBXResourcesBuildPhase section */
		FA09500E2926088400CCDA42 /* Resources */ = {
			isa = PBXResourcesBuildPhase;
			buildActionMask = 2147483647;
			files = (
				FA09501C2926088600CCDA42 /* Preview Assets.xcassets in Resources */,
				FA0950182926088600CCDA42 /* Assets.xcassets in Resources */,
			);
			runOnlyForDeploymentPostprocessing = 0;
		};
		FA09501F2926088700CCDA42 /* Resources */ = {
			isa = PBXResourcesBuildPhase;
			buildActionMask = 2147483647;
			files = (
			);
			runOnlyForDeploymentPostprocessing = 0;
		};
		FA0950292926088700CCDA42 /* Resources */ = {
			isa = PBXResourcesBuildPhase;
			buildActionMask = 2147483647;
			files = (
			);
			runOnlyForDeploymentPostprocessing = 0;
		};
/* End PBXResourcesBuildPhase section */

/* Begin PBXSourcesBuildPhase section */
		FA09500C2926088400CCDA42 /* Sources */ = {
			isa = PBXSourcesBuildPhase;
			buildActionMask = 2147483647;
			files = (
				FA0950162926088400CCDA42 /* ContentView.swift in Sources */,
				FA0950142926088400CCDA42 /* rick_and_mortyApp.swift in Sources */,
			);
			runOnlyForDeploymentPostprocessing = 0;
		};
		FA09501D2926088700CCDA42 /* Sources */ = {
			isa = PBXSourcesBuildPhase;
			buildActionMask = 2147483647;
			files = (
				FA0950262926088700CCDA42 /* rick_and_mortyTests.swift in Sources */,
			);
			runOnlyForDeploymentPostprocessing = 0;
		};
		FA0950272926088700CCDA42 /* Sources */ = {
			isa = PBXSourcesBuildPhase;
			buildActionMask = 2147483647;
			files = (
				FA0950302926088700CCDA42 /* rick_and_mortyUITests.swift in Sources */,
				FA0950322926088700CCDA42 /* rick_and_mortyUITestsLaunchTests.swift in Sources */,
			);
			runOnlyForDeploymentPostprocessing = 0;
		};
/* End PBXSourcesBuildPhase section */

/* Begin PBXTargetDependency section */
		FA0950232926088700CCDA42 /* PBXTargetDependency */ = {
			isa = PBXTargetDependency;
			target = FA09500F2926088400CCDA42 /* rick-and-morty */;
			targetProxy = FA0950222926088700CCDA42 /* PBXContainerItemProxy */;
		};
		FA09502D2926088700CCDA42 /* PBXTargetDependency */ = {
			isa = PBXTargetDependency;
			target = FA09500F2926088400CCDA42 /* rick-and-morty */;
			targetProxy = FA09502C2926088700CCDA42 /* PBXContainerItemProxy */;
		};
/* End PBXTargetDependency section */

/* Begin XCBuildConfiguration section */
		FA0950332926088700CCDA42 /* Debug */ = {
			isa = XCBuildConfiguration;
			buildSettings = {
				ALWAYS_SEARCH_USER_PATHS = NO;
				CLANG_ANALYZER_NONNULL = YES;
				CLANG_ANALYZER_NUMBER_OBJECT_CONVERSION = YES_AGGRESSIVE;
				CLANG_CXX_LANGUAGE_STANDARD = "gnu++20";
				CLANG_ENABLE_MODULES = YES;
				CLANG_ENABLE_OBJC_ARC = YES;
				CLANG_ENABLE_OBJC_WEAK = YES;
				CLANG_WARN_BLOCK_CAPTURE_AUTORELEASING = YES;
				CLANG_WARN_BOOL_CONVERSION = YES;
				CLANG_WARN_COMMA = YES;
				CLANG_WARN_CONSTANT_CONVERSION = YES;
				CLANG_WARN_DEPRECATED_OBJC_IMPLEMENTATIONS = YES;
				CLANG_WARN_DIRECT_OBJC_ISA_USAGE = YES_ERROR;
				CLANG_WARN_DOCUMENTATION_COMMENTS = YES;
				CLANG_WARN_EMPTY_BODY = YES;
				CLANG_WARN_ENUM_CONVERSION = YES;
				CLANG_WARN_INFINITE_RECURSION = YES;
				CLANG_WARN_INT_CONVERSION = YES;
				CLANG_WARN_NON_LITERAL_NULL_CONVERSION = YES;
				CLANG_WARN_OBJC_IMPLICIT_RETAIN_SELF = YES;
				CLANG_WARN_OBJC_LITERAL_CONVERSION = YES;
				CLANG_WARN_OBJC_ROOT_CLASS = YES_ERROR;
				CLANG_WARN_QUOTED_INCLUDE_IN_FRAMEWORK_HEADER = YES;
				CLANG_WARN_RANGE_LOOP_ANALYSIS = YES;
				CLANG_WARN_STRICT_PROTOTYPES = YES;
				CLANG_WARN_SUSPICIOUS_MOVE = YES;
				CLANG_WARN_UNGUARDED_AVAILABILITY = YES_AGGRESSIVE;
				CLANG_WARN_UNREACHABLE_CODE = YES;
				CLANG_WARN__DUPLICATE_METHOD_MATCH = YES;
				COPY_PHASE_STRIP = NO;
				DEBUG_INFORMATION_FORMAT = dwarf;
				ENABLE_STRICT_OBJC_MSGSEND = YES;
				ENABLE_TESTABILITY = YES;
				GCC_C_LANGUAGE_STANDARD = gnu11;
				GCC_DYNAMIC_NO_PIC = NO;
				GCC_NO_COMMON_BLOCKS = YES;
				GCC_OPTIMIZATION_LEVEL = 0;
				GCC_PREPROCESSOR_DEFINITIONS = (
					"DEBUG=1",
					"$(inherited)",
				);
				GCC_WARN_64_TO_32_BIT_CONVERSION = YES;
				GCC_WARN_ABOUT_RETURN_TYPE = YES_ERROR;
				GCC_WARN_UNDECLARED_SELECTOR = YES;
				GCC_WARN_UNINITIALIZED_AUTOS = YES_AGGRESSIVE;
				GCC_WARN_UNUSED_FUNCTION = YES;
				GCC_WARN_UNUSED_VARIABLE = YES;
				MTL_ENABLE_DEBUG_INFO = INCLUDE_SOURCE;
				MTL_FAST_MATH = YES;
				ONLY_ACTIVE_ARCH = YES;
				SWIFT_ACTIVE_COMPILATION_CONDITIONS = DEBUG;
				SWIFT_OPTIMIZATION_LEVEL = "-Onone";
			};
			name = Debug;
		};
		FA0950342926088700CCDA42 /* Release */ = {
			isa = XCBuildConfiguration;
			buildSettings = {
				ALWAYS_SEARCH_USER_PATHS = NO;
				CLANG_ANALYZER_NONNULL = YES;
				CLANG_ANALYZER_NUMBER_OBJECT_CONVERSION = YES_AGGRESSIVE;
				CLANG_CXX_LANGUAGE_STANDARD = "gnu++20";
				CLANG_ENABLE_MODULES = YES;
				CLANG_ENABLE_OBJC_ARC = YES;
				CLANG_ENABLE_OBJC_WEAK = YES;
				CLANG_WARN_BLOCK_CAPTURE_AUTORELEASING = YES;
				CLANG_WARN_BOOL_CONVERSION = YES;
				CLANG_WARN_COMMA = YES;
				CLANG_WARN_CONSTANT_CONVERSION = YES;
				CLANG_WARN_DEPRECATED_OBJC_IMPLEMENTATIONS = YES;
				CLANG_WARN_DIRECT_OBJC_ISA_USAGE = YES_ERROR;
				CLANG_WARN_DOCUMENTATION_COMMENTS = YES;
				CLANG_WARN_EMPTY_BODY = YES;
				CLANG_WARN_ENUM_CONVERSION = YES;
				CLANG_WARN_INFINITE_RECURSION = YES;
				CLANG_WARN_INT_CONVERSION = YES;
				CLANG_WARN_NON_LITERAL_NULL_CONVERSION = YES;
				CLANG_WARN_OBJC_IMPLICIT_RETAIN_SELF = YES;
				CLANG_WARN_OBJC_LITERAL_CONVERSION = YES;
				CLANG_WARN_OBJC_ROOT_CLASS = YES_ERROR;
				CLANG_WARN_QUOTED_INCLUDE_IN_FRAMEWORK_HEADER = YES;
				CLANG_WARN_RANGE_LOOP_ANALYSIS = YES;
				CLANG_WARN_STRICT_PROTOTYPES = YES;
				CLANG_WARN_SUSPICIOUS_MOVE = YES;
				CLANG_WARN_UNGUARDED_AVAILABILITY = YES_AGGRESSIVE;
				CLANG_WARN_UNREACHABLE_CODE = YES;
				CLANG_WARN__DUPLICATE_METHOD_MATCH = YES;
				COPY_PHASE_STRIP = NO;
				DEBUG_INFORMATION_FORMAT = "dwarf-with-dsym";
				ENABLE_NS_ASSERTIONS = NO;
				ENABLE_STRICT_OBJC_MSGSEND = YES;
				GCC_C_LANGUAGE_STANDARD = gnu11;
				GCC_NO_COMMON_BLOCKS = YES;
				GCC_WARN_64_TO_32_BIT_CONVERSION = YES;
				GCC_WARN_ABOUT_RETURN_TYPE = YES_ERROR;
				GCC_WARN_UNDECLARED_SELECTOR = YES;
				GCC_WARN_UNINITIALIZED_AUTOS = YES_AGGRESSIVE;
				GCC_WARN_UNUSED_FUNCTION = YES;
				GCC_WARN_UNUSED_VARIABLE = YES;
				MTL_ENABLE_DEBUG_INFO = NO;
				MTL_FAST_MATH = YES;
				SWIFT_COMPILATION_MODE = wholemodule;
				SWIFT_OPTIMIZATION_LEVEL = "-O";
			};
			name = Release;
		};
		FA0950362926088700CCDA42 /* Debug */ = {
			isa = XCBuildConfiguration;
			buildSettings = {
				ASSETCATALOG_COMPILER_APPICON_NAME = AppIcon;
				ASSETCATALOG_COMPILER_GLOBAL_ACCENT_COLOR_NAME = AccentColor;
				CODE_SIGN_ENTITLEMENTS = "rick-and-morty/rick_and_morty.entitlements";
				CODE_SIGN_STYLE = Automatic;
				CURRENT_PROJECT_VERSION = 1;
				DEVELOPMENT_ASSET_PATHS = "\"rick-and-morty/Preview Content\"";
				DEVELOPMENT_TEAM = TMSPCS784V;
				ENABLE_HARDENED_RUNTIME = YES;
				ENABLE_PREVIEWS = YES;
				GENERATE_INFOPLIST_FILE = YES;
				INFOPLIST_FILE = "rick-and-morty/Info.plist";
				INFOPLIST_KEY_CFBundleDisplayName = "Rick and Morty";
				"INFOPLIST_KEY_UIApplicationSceneManifest_Generation[sdk=iphoneos*]" = YES;
				"INFOPLIST_KEY_UIApplicationSceneManifest_Generation[sdk=iphonesimulator*]" = YES;
				"INFOPLIST_KEY_UIApplicationSupportsIndirectInputEvents[sdk=iphoneos*]" = YES;
				"INFOPLIST_KEY_UIApplicationSupportsIndirectInputEvents[sdk=iphonesimulator*]" = YES;
				"INFOPLIST_KEY_UILaunchScreen_Generation[sdk=iphoneos*]" = YES;
				"INFOPLIST_KEY_UILaunchScreen_Generation[sdk=iphonesimulator*]" = YES;
				"INFOPLIST_KEY_UIStatusBarStyle[sdk=iphoneos*]" = UIStatusBarStyleDefault;
				"INFOPLIST_KEY_UIStatusBarStyle[sdk=iphonesimulator*]" = UIStatusBarStyleDefault;
				INFOPLIST_KEY_UISupportedInterfaceOrientations_iPad = "UIInterfaceOrientationPortrait UIInterfaceOrientationPortraitUpsideDown UIInterfaceOrientationLandscapeLeft UIInterfaceOrientationLandscapeRight";
				INFOPLIST_KEY_UISupportedInterfaceOrientations_iPhone = "UIInterfaceOrientationPortrait UIInterfaceOrientationLandscapeLeft UIInterfaceOrientationLandscapeRight";
				IPHONEOS_DEPLOYMENT_TARGET = 16.1;
				LD_RUNPATH_SEARCH_PATHS = "@executable_path/Frameworks";
				"LD_RUNPATH_SEARCH_PATHS[sdk=macosx*]" = "@executable_path/../Frameworks";
				MACOSX_DEPLOYMENT_TARGET = 13.0;
				MARKETING_VERSION = 1.0;
				PRODUCT_BUNDLE_IDENTIFIER = "site.adrianlopez.rick-and-morty";
				PRODUCT_NAME = "$(TARGET_NAME)";
				SDKROOT = auto;
				SUPPORTED_PLATFORMS = macosx;
				SUPPORTS_MACCATALYST = NO;
				SUPPORTS_MAC_DESIGNED_FOR_IPHONE_IPAD = NO;
				SWIFT_EMIT_LOC_STRINGS = YES;
				SWIFT_VERSION = 5.0;
			};
			name = Debug;
		};
		FA0950372926088700CCDA42 /* Release */ = {
			isa = XCBuildConfiguration;
			buildSettings = {
				ASSETCATALOG_COMPILER_APPICON_NAME = AppIcon;
				ASSETCATALOG_COMPILER_GLOBAL_ACCENT_COLOR_NAME = AccentColor;
				CODE_SIGN_ENTITLEMENTS = "rick-and-morty/rick_and_morty.entitlements";
				CODE_SIGN_STYLE = Automatic;
				CURRENT_PROJECT_VERSION = 1;
				DEVELOPMENT_ASSET_PATHS = "\"rick-and-morty/Preview Content\"";
				DEVELOPMENT_TEAM = TMSPCS784V;
				ENABLE_HARDENED_RUNTIME = YES;
				ENABLE_PREVIEWS = YES;
				GENERATE_INFOPLIST_FILE = YES;
				INFOPLIST_FILE = "rick-and-morty/Info.plist";
				INFOPLIST_KEY_CFBundleDisplayName = "Rick and Morty";
				"INFOPLIST_KEY_UIApplicationSceneManifest_Generation[sdk=iphoneos*]" = YES;
				"INFOPLIST_KEY_UIApplicationSceneManifest_Generation[sdk=iphonesimulator*]" = YES;
				"INFOPLIST_KEY_UIApplicationSupportsIndirectInputEvents[sdk=iphoneos*]" = YES;
				"INFOPLIST_KEY_UIApplicationSupportsIndirectInputEvents[sdk=iphonesimulator*]" = YES;
				"INFOPLIST_KEY_UILaunchScreen_Generation[sdk=iphoneos*]" = YES;
				"INFOPLIST_KEY_UILaunchScreen_Generation[sdk=iphonesimulator*]" = YES;
				"INFOPLIST_KEY_UIStatusBarStyle[sdk=iphoneos*]" = UIStatusBarStyleDefault;
				"INFOPLIST_KEY_UIStatusBarStyle[sdk=iphonesimulator*]" = UIStatusBarStyleDefault;
				INFOPLIST_KEY_UISupportedInterfaceOrientations_iPad = "UIInterfaceOrientationPortrait UIInterfaceOrientationPortraitUpsideDown UIInterfaceOrientationLandscapeLeft UIInterfaceOrientationLandscapeRight";
				INFOPLIST_KEY_UISupportedInterfaceOrientations_iPhone = "UIInterfaceOrientationPortrait UIInterfaceOrientationLandscapeLeft UIInterfaceOrientationLandscapeRight";
				IPHONEOS_DEPLOYMENT_TARGET = 16.1;
				LD_RUNPATH_SEARCH_PATHS = "@executable_path/Frameworks";
				"LD_RUNPATH_SEARCH_PATHS[sdk=macosx*]" = "@executable_path/../Frameworks";
				MACOSX_DEPLOYMENT_TARGET = 13.0;
				MARKETING_VERSION = 1.0;
				PRODUCT_BUNDLE_IDENTIFIER = "site.adrianlopez.rick-and-morty";
				PRODUCT_NAME = "$(TARGET_NAME)";
				SDKROOT = auto;
				SUPPORTED_PLATFORMS = macosx;
				SUPPORTS_MACCATALYST = NO;
				SUPPORTS_MAC_DESIGNED_FOR_IPHONE_IPAD = NO;
				SWIFT_EMIT_LOC_STRINGS = YES;
				SWIFT_VERSION = 5.0;
			};
			name = Release;
		};
		FA0950392926088700CCDA42 /* Debug */ = {
			isa = XCBuildConfiguration;
			buildSettings = {
				ALWAYS_EMBED_SWIFT_STANDARD_LIBRARIES = YES;
				BUNDLE_LOADER = "$(TEST_HOST)";
				CODE_SIGN_STYLE = Automatic;
				CURRENT_PROJECT_VERSION = 1;
				DEVELOPMENT_TEAM = TMSPCS784V;
				GENERATE_INFOPLIST_FILE = YES;
				IPHONEOS_DEPLOYMENT_TARGET = 16.1;
				MACOSX_DEPLOYMENT_TARGET = 13.0;
				MARKETING_VERSION = 1.0;
				PRODUCT_BUNDLE_IDENTIFIER = "site.adrianlopez.rick-and-mortyTests";
				PRODUCT_NAME = "$(TARGET_NAME)";
				SDKROOT = auto;
				SUPPORTED_PLATFORMS = "iphoneos iphonesimulator macosx";
				SWIFT_EMIT_LOC_STRINGS = NO;
				SWIFT_VERSION = 5.0;
				TARGETED_DEVICE_FAMILY = "1,2";
				TEST_HOST = "$(BUILT_PRODUCTS_DIR)/rick-and-morty.app/$(BUNDLE_EXECUTABLE_FOLDER_PATH)/rick-and-morty";
			};
			name = Debug;
		};
		FA09503A2926088700CCDA42 /* Release */ = {
			isa = XCBuildConfiguration;
			buildSettings = {
				ALWAYS_EMBED_SWIFT_STANDARD_LIBRARIES = YES;
				BUNDLE_LOADER = "$(TEST_HOST)";
				CODE_SIGN_STYLE = Automatic;
				CURRENT_PROJECT_VERSION = 1;
				DEVELOPMENT_TEAM = TMSPCS784V;
				GENERATE_INFOPLIST_FILE = YES;
				IPHONEOS_DEPLOYMENT_TARGET = 16.1;
				MACOSX_DEPLOYMENT_TARGET = 13.0;
				MARKETING_VERSION = 1.0;
				PRODUCT_BUNDLE_IDENTIFIER = "site.adrianlopez.rick-and-mortyTests";
				PRODUCT_NAME = "$(TARGET_NAME)";
				SDKROOT = auto;
				SUPPORTED_PLATFORMS = "iphoneos iphonesimulator macosx";
				SWIFT_EMIT_LOC_STRINGS = NO;
				SWIFT_VERSION = 5.0;
				TARGETED_DEVICE_FAMILY = "1,2";
				TEST_HOST = "$(BUILT_PRODUCTS_DIR)/rick-and-morty.app/$(BUNDLE_EXECUTABLE_FOLDER_PATH)/rick-and-morty";
			};
			name = Release;
		};
		FA09503C2926088700CCDA42 /* Debug */ = {
			isa = XCBuildConfiguration;
			buildSettings = {
				ALWAYS_EMBED_SWIFT_STANDARD_LIBRARIES = YES;
				CODE_SIGN_STYLE = Automatic;
				CURRENT_PROJECT_VERSION = 1;
				DEVELOPMENT_TEAM = TMSPCS784V;
				GENERATE_INFOPLIST_FILE = YES;
				IPHONEOS_DEPLOYMENT_TARGET = 16.1;
				MACOSX_DEPLOYMENT_TARGET = 13.0;
				MARKETING_VERSION = 1.0;
				PRODUCT_BUNDLE_IDENTIFIER = "site.adrianlopez.rick-and-mortyUITests";
				PRODUCT_NAME = "$(TARGET_NAME)";
				SDKROOT = auto;
				SUPPORTED_PLATFORMS = "iphoneos iphonesimulator macosx";
				SWIFT_EMIT_LOC_STRINGS = NO;
				SWIFT_VERSION = 5.0;
				TARGETED_DEVICE_FAMILY = "1,2";
				TEST_TARGET_NAME = "rick-and-morty";
			};
			name = Debug;
		};
		FA09503D2926088700CCDA42 /* Release */ = {
			isa = XCBuildConfiguration;
			buildSettings = {
				ALWAYS_EMBED_SWIFT_STANDARD_LIBRARIES = YES;
				CODE_SIGN_STYLE = Automatic;
				CURRENT_PROJECT_VERSION = 1;
				DEVELOPMENT_TEAM = TMSPCS784V;
				GENERATE_INFOPLIST_FILE = YES;
				IPHONEOS_DEPLOYMENT_TARGET = 16.1;
				MACOSX_DEPLOYMENT_TARGET = 13.0;
				MARKETING_VERSION = 1.0;
				PRODUCT_BUNDLE_IDENTIFIER = "site.adrianlopez.rick-and-mortyUITests";
				PRODUCT_NAME = "$(TARGET_NAME)";
				SDKROOT = auto;
				SUPPORTED_PLATFORMS = "iphoneos iphonesimulator macosx";
				SWIFT_EMIT_LOC_STRINGS = NO;
				SWIFT_VERSION = 5.0;
				TARGETED_DEVICE_FAMILY = "1,2";
				TEST_TARGET_NAME = "rick-and-morty";
			};
			name = Release;
		};
/* End XCBuildConfiguration section */

/* Begin XCConfigurationList section */
		FA09500B2926088400CCDA42 /* Build configuration list for PBXProject "rick-and-morty" */ = {
			isa = XCConfigurationList;
			buildConfigurations = (
				FA0950332926088700CCDA42 /* Debug */,
				FA0950342926088700CCDA42 /* Release */,
			);
			defaultConfigurationIsVisible = 0;
			defaultConfigurationName = Release;
		};
		FA0950352926088700CCDA42 /* Build configuration list for PBXNativeTarget "rick-and-morty" */ = {
			isa = XCConfigurationList;
			buildConfigurations = (
				FA0950362926088700CCDA42 /* Debug */,
				FA0950372926088700CCDA42 /* Release */,
			);
			defaultConfigurationIsVisible = 0;
			defaultConfigurationName = Release;
		};
		FA0950382926088700CCDA42 /* Build configuration list for PBXNativeTarget "rick-and-mortyTests" */ = {
			isa = XCConfigurationList;
			buildConfigurations = (
				FA0950392926088700CCDA42 /* Debug */,
				FA09503A2926088700CCDA42 /* Release */,
			);
			defaultConfigurationIsVisible = 0;
			defaultConfigurationName = Release;
		};
		FA09503B2926088700CCDA42 /* Build configuration list for PBXNativeTarget "rick-and-mortyUITests" */ = {
			isa = XCConfigurationList;
			buildConfigurations = (
				FA09503C2926088700CCDA42 /* Debug */,
				FA09503D2926088700CCDA42 /* Release */,
			);
			defaultConfigurationIsVisible = 0;
			defaultConfigurationName = Release;
		};
/* End XCConfigurationList section */

/* Begin XCRemoteSwiftPackageReference section */
		FA09503E2926095C00CCDA42 /* XCRemoteSwiftPackageReference "Rick-and-Morty-Swift-API" */ = {
			isa = XCRemoteSwiftPackageReference;
			repositoryURL = "https://github.com/benjaminbruch/Rick-and-Morty-Swift-API";
			requirement = {
				branch = main;
				kind = branch;
			};
		};
		FA54A18D29292D7700E8816F /* XCRemoteSwiftPackageReference "swiftui-cached-async-image" */ = {
			isa = XCRemoteSwiftPackageReference;
			repositoryURL = "https://github.com/lorenzofiamingo/swiftui-cached-async-image";
			requirement = {
				kind = upToNextMajorVersion;
				minimumVersion = 2.0.0;
			};
		};
/* End XCRemoteSwiftPackageReference section */

/* Begin XCSwiftPackageProductDependency section */
		FA09503F2926095C00CCDA42 /* RickMortySwiftApi */ = {
			isa = XCSwiftPackageProductDependency;
			package = FA09503E2926095C00CCDA42 /* XCRemoteSwiftPackageReference "Rick-and-Morty-Swift-API" */;
			productName = RickMortySwiftApi;
		};
		FA54A18E29292D7700E8816F /* CachedAsyncImage */ = {
			isa = XCSwiftPackageProductDependency;
			package = FA54A18D29292D7700E8816F /* XCRemoteSwiftPackageReference "swiftui-cached-async-image" */;
			productName = CachedAsyncImage;
		};
/* End XCSwiftPackageProductDependency section */
	};
	rootObject = FA0950082926088400CCDA42 /* Project object */;
}
